
Microsoft Visual Studio Solution File, Format Version 12.00
# Visual Studio Version 17
VisualStudioVersion = 17.1.32407.343
MinimumVisualStudioVersion = 10.0.40219.1
Project("{FAE04EC0-301F-11D3-BF4B-00C04F79EFBC}") = "Aula7_LetsCode", "Aula7-LetsCode\Aula7_LetsCode.csproj", "{C9CF7BB1-82E6-492D-A6E3-564DA6DB2E30}"
EndProject
Global
	GlobalSection(SolutionConfigurationPlatforms) = preSolution
		Debug|Any CPU = Debug|Any CPU
		Release|Any CPU = Release|Any CPU
	EndGlobalSection
	GlobalSection(ProjectConfigurationPlatforms) = postSolution
		{C9CF7BB1-82E6-492D-A6E3-564DA6DB2E30}.Debug|Any CPU.ActiveCfg = Debug|Any CPU
		{C9CF7BB1-82E6-492D-A6E3-564DA6DB2E30}.Debug|Any CPU.Build.0 = Debug|Any CPU
		{C9CF7BB1-82E6-492D-A6E3-564DA6DB2E30}.Release|Any CPU.ActiveCfg = Release|Any CPU
		{C9CF7BB1-82E6-492D-A6E3-564DA6DB2E30}.Release|Any CPU.Build.0 = Release|Any CPU
	EndGlobalSection
	GlobalSection(SolutionProperties) = preSolution
		HideSolutionNode = FALSE
	EndGlobalSection
	GlobalSection(ExtensibilityGlobals) = postSolution
		SolutionGuid = {0362E7F9-8195-45D6-9EF5-D98D8CB5C1F5}
	EndGlobalSection
EndGlobal
