
Microsoft Visual Studio Solution File, Format Version 12.00
# Visual Studio Version 17
VisualStudioVersion = 17.1.32407.343
MinimumVisualStudioVersion = 10.0.40219.1
Project("{FAE04EC0-301F-11D3-BF4B-00C04F79EFBC}") = "PetShop", "PetShop\PetShop.csproj", "{A24A4CBE-EAB8-4592-A409-FBE55C51F7B8}"
EndProject
Global
	GlobalSection(SolutionConfigurationPlatforms) = preSolution
		Debug|Any CPU = Debug|Any CPU
		Release|Any CPU = Release|Any CPU
	EndGlobalSection
	GlobalSection(ProjectConfigurationPlatforms) = postSolution
		{A24A4CBE-EAB8-4592-A409-FBE55C51F7B8}.Debug|Any CPU.ActiveCfg = Debug|Any CPU
		{A24A4CBE-EAB8-4592-A409-FBE55C51F7B8}.Debug|Any CPU.Build.0 = Debug|Any CPU
		{A24A4CBE-EAB8-4592-A409-FBE55C51F7B8}.Release|Any CPU.ActiveCfg = Release|Any CPU
		{A24A4CBE-EAB8-4592-A409-FBE55C51F7B8}.Release|Any CPU.Build.0 = Release|Any CPU
	EndGlobalSection
	GlobalSection(SolutionProperties) = preSolution
		HideSolutionNode = FALSE
	EndGlobalSection
	GlobalSection(ExtensibilityGlobals) = postSolution
		SolutionGuid = {33CF1F2E-D236-4A46-AA9E-1FEF3368862E}
	EndGlobalSection
EndGlobal
