
Microsoft Visual Studio Solution File, Format Version 12.00
# Visual Studio Version 17
VisualStudioVersion = 17.2.32630.192
MinimumVisualStudioVersion = 10.0.40219.1
Project("{FAE04EC0-301F-11D3-BF4B-00C04F79EFBC}") = "TP1_WForms_2208", "TP1_WForms_2208\TP1_WForms_2208.csproj", "{DD05F5F9-1315-4429-85FD-411D4A4AB96A}"
EndProject
Global
	GlobalSection(SolutionConfigurationPlatforms) = preSolution
		Debug|Any CPU = Debug|Any CPU
		Release|Any CPU = Release|Any CPU
	EndGlobalSection
	GlobalSection(ProjectConfigurationPlatforms) = postSolution
		{DD05F5F9-1315-4429-85FD-411D4A4AB96A}.Debug|Any CPU.ActiveCfg = Debug|Any CPU
		{DD05F5F9-1315-4429-85FD-411D4A4AB96A}.Debug|Any CPU.Build.0 = Debug|Any CPU
		{DD05F5F9-1315-4429-85FD-411D4A4AB96A}.Release|Any CPU.ActiveCfg = Release|Any CPU
		{DD05F5F9-1315-4429-85FD-411D4A4AB96A}.Release|Any CPU.Build.0 = Release|Any CPU
	EndGlobalSection
	GlobalSection(SolutionProperties) = preSolution
		HideSolutionNode = FALSE
	EndGlobalSection
	GlobalSection(ExtensibilityGlobals) = postSolution
		SolutionGuid = {DF966FA3-EA6E-44E0-816B-78A6C772A262}
	EndGlobalSection
EndGlobal
