
Microsoft Visual Studio Solution File, Format Version 12.00
# Visual Studio Version 17
VisualStudioVersion = 17.2.32630.192
MinimumVisualStudioVersion = 10.0.40219.1
Project("{FAE04EC0-301F-11D3-BF4B-00C04F79EFBC}") = "TP1_Menu", "TP1_Menu\TP1_Menu.csproj", "{B783D501-29ED-499F-889E-3CF2ADB82080}"
EndProject
Global
	GlobalSection(SolutionConfigurationPlatforms) = preSolution
		Debug|Any CPU = Debug|Any CPU
		Release|Any CPU = Release|Any CPU
	EndGlobalSection
	GlobalSection(ProjectConfigurationPlatforms) = postSolution
		{B783D501-29ED-499F-889E-3CF2ADB82080}.Debug|Any CPU.ActiveCfg = Debug|Any CPU
		{B783D501-29ED-499F-889E-3CF2ADB82080}.Debug|Any CPU.Build.0 = Debug|Any CPU
		{B783D501-29ED-499F-889E-3CF2ADB82080}.Release|Any CPU.ActiveCfg = Release|Any CPU
		{B783D501-29ED-499F-889E-3CF2ADB82080}.Release|Any CPU.Build.0 = Release|Any CPU
	EndGlobalSection
	GlobalSection(SolutionProperties) = preSolution
		HideSolutionNode = FALSE
	EndGlobalSection
	GlobalSection(ExtensibilityGlobals) = postSolution
		SolutionGuid = {ED00DDB2-F64E-4218-B814-80DF16B06C72}
	EndGlobalSection
EndGlobal
