
Microsoft Visual Studio Solution File, Format Version 12.00
# Visual Studio Version 17
VisualStudioVersion = 17.2.32630.192
MinimumVisualStudioVersion = 10.0.40219.1
Project("{9A19103F-16F7-4668-BE54-9A1E7A4F7556}") = "WebAPI_2608", "WebAPI_2608\WebAPI_2608.csproj", "{7E2C46E1-E330-46D5-8CBB-71D5B1E4C1ED}"
EndProject
Project("{FAE04EC0-301F-11D3-BF4B-00C04F79EFBC}") = "WebAPI_2608.Core", "WebAPI_2608.Core\WebAPI_2608.Core.csproj", "{BE66296F-61E5-440C-AEF5-561B6FDEEB49}"
EndProject
Project("{FAE04EC0-301F-11D3-BF4B-00C04F79EFBC}") = "WebAPI_2608.Infra.Data", "WebAPI_2608.Infra.Data\WebAPI_2608.Infra.Data.csproj", "{2872DFAD-98DC-48A2-AADB-ACCD2B9C77CB}"
EndProject
Global
	GlobalSection(SolutionConfigurationPlatforms) = preSolution
		Debug|Any CPU = Debug|Any CPU
		Release|Any CPU = Release|Any CPU
	EndGlobalSection
	GlobalSection(ProjectConfigurationPlatforms) = postSolution
		{7E2C46E1-E330-46D5-8CBB-71D5B1E4C1ED}.Debug|Any CPU.ActiveCfg = Debug|Any CPU
		{7E2C46E1-E330-46D5-8CBB-71D5B1E4C1ED}.Debug|Any CPU.Build.0 = Debug|Any CPU
		{7E2C46E1-E330-46D5-8CBB-71D5B1E4C1ED}.Release|Any CPU.ActiveCfg = Release|Any CPU
		{7E2C46E1-E330-46D5-8CBB-71D5B1E4C1ED}.Release|Any CPU.Build.0 = Release|Any CPU
		{BE66296F-61E5-440C-AEF5-561B6FDEEB49}.Debug|Any CPU.ActiveCfg = Debug|Any CPU
		{BE66296F-61E5-440C-AEF5-561B6FDEEB49}.Debug|Any CPU.Build.0 = Debug|Any CPU
		{BE66296F-61E5-440C-AEF5-561B6FDEEB49}.Release|Any CPU.ActiveCfg = Release|Any CPU
		{BE66296F-61E5-440C-AEF5-561B6FDEEB49}.Release|Any CPU.Build.0 = Release|Any CPU
		{2872DFAD-98DC-48A2-AADB-ACCD2B9C77CB}.Debug|Any CPU.ActiveCfg = Debug|Any CPU
		{2872DFAD-98DC-48A2-AADB-ACCD2B9C77CB}.Debug|Any CPU.Build.0 = Debug|Any CPU
		{2872DFAD-98DC-48A2-AADB-ACCD2B9C77CB}.Release|Any CPU.ActiveCfg = Release|Any CPU
		{2872DFAD-98DC-48A2-AADB-ACCD2B9C77CB}.Release|Any CPU.Build.0 = Release|Any CPU
	EndGlobalSection
	GlobalSection(SolutionProperties) = preSolution
		HideSolutionNode = FALSE
	EndGlobalSection
	GlobalSection(ExtensibilityGlobals) = postSolution
		SolutionGuid = {6547106B-2F04-41AE-96C4-ED7C4C2E6424}
	EndGlobalSection
EndGlobal
