
Microsoft Visual Studio Solution File, Format Version 12.00
# Visual Studio Version 17
VisualStudioVersion = 17.2.32630.192
MinimumVisualStudioVersion = 10.0.40219.1
Project("{FAE04EC0-301F-11D3-BF4B-00C04F79EFBC}") = "UnitTest.Domain", "UnitTest.Domain\UnitTest.Domain.csproj", "{6AA47B97-A3F4-494D-9000-427B1E2E4B69}"
EndProject
Project("{FAE04EC0-301F-11D3-BF4B-00C04F79EFBC}") = "UnitTest.Tests", "UnitTest.Tests\UnitTest.Tests.csproj", "{504DECE4-BD19-418D-8F8C-E64CB4E46B36}"
EndProject
Global
	GlobalSection(SolutionConfigurationPlatforms) = preSolution
		Debug|Any CPU = Debug|Any CPU
		Release|Any CPU = Release|Any CPU
	EndGlobalSection
	GlobalSection(ProjectConfigurationPlatforms) = postSolution
		{6AA47B97-A3F4-494D-9000-427B1E2E4B69}.Debug|Any CPU.ActiveCfg = Debug|Any CPU
		{6AA47B97-A3F4-494D-9000-427B1E2E4B69}.Debug|Any CPU.Build.0 = Debug|Any CPU
		{6AA47B97-A3F4-494D-9000-427B1E2E4B69}.Release|Any CPU.ActiveCfg = Release|Any CPU
		{6AA47B97-A3F4-494D-9000-427B1E2E4B69}.Release|Any CPU.Build.0 = Release|Any CPU
		{504DECE4-BD19-418D-8F8C-E64CB4E46B36}.Debug|Any CPU.ActiveCfg = Debug|Any CPU
		{504DECE4-BD19-418D-8F8C-E64CB4E46B36}.Debug|Any CPU.Build.0 = Debug|Any CPU
		{504DECE4-BD19-418D-8F8C-E64CB4E46B36}.Release|Any CPU.ActiveCfg = Release|Any CPU
		{504DECE4-BD19-418D-8F8C-E64CB4E46B36}.Release|Any CPU.Build.0 = Release|Any CPU
	EndGlobalSection
	GlobalSection(SolutionProperties) = preSolution
		HideSolutionNode = FALSE
	EndGlobalSection
	GlobalSection(ExtensibilityGlobals) = postSolution
		SolutionGuid = {60E0A00C-3048-4164-AD5D-C6A3DB7F9459}
	EndGlobalSection
EndGlobal
