
Microsoft Visual Studio Solution File, Format Version 12.00
# Visual Studio Version 17
VisualStudioVersion = 17.1.32407.343
MinimumVisualStudioVersion = 10.0.40219.1
Project("{FAE04EC0-301F-11D3-BF4B-00C04F79EFBC}") = "Domain", "Domain\Domain.csproj", "{AB9D32AD-B2BE-4419-8573-B0F74385C7DC}"
EndProject
Project("{FAE04EC0-301F-11D3-BF4B-00C04F79EFBC}") = "Presentation", "Presentation\Presentation.csproj", "{ED6B1716-6D58-4D99-A425-F16A29CAF282}"
EndProject
Project("{FAE04EC0-301F-11D3-BF4B-00C04F79EFBC}") = "Services", "Services\Services.csproj", "{DF8175BD-F7F6-495D-90DA-BD7108694A48}"
EndProject
Global
	GlobalSection(SolutionConfigurationPlatforms) = preSolution
		Debug|Any CPU = Debug|Any CPU
		Release|Any CPU = Release|Any CPU
	EndGlobalSection
	GlobalSection(ProjectConfigurationPlatforms) = postSolution
		{AB9D32AD-B2BE-4419-8573-B0F74385C7DC}.Debug|Any CPU.ActiveCfg = Debug|Any CPU
		{AB9D32AD-B2BE-4419-8573-B0F74385C7DC}.Debug|Any CPU.Build.0 = Debug|Any CPU
		{AB9D32AD-B2BE-4419-8573-B0F74385C7DC}.Release|Any CPU.ActiveCfg = Release|Any CPU
		{AB9D32AD-B2BE-4419-8573-B0F74385C7DC}.Release|Any CPU.Build.0 = Release|Any CPU
		{ED6B1716-6D58-4D99-A425-F16A29CAF282}.Debug|Any CPU.ActiveCfg = Debug|Any CPU
		{ED6B1716-6D58-4D99-A425-F16A29CAF282}.Debug|Any CPU.Build.0 = Debug|Any CPU
		{ED6B1716-6D58-4D99-A425-F16A29CAF282}.Release|Any CPU.ActiveCfg = Release|Any CPU
		{ED6B1716-6D58-4D99-A425-F16A29CAF282}.Release|Any CPU.Build.0 = Release|Any CPU
		{DF8175BD-F7F6-495D-90DA-BD7108694A48}.Debug|Any CPU.ActiveCfg = Debug|Any CPU
		{DF8175BD-F7F6-495D-90DA-BD7108694A48}.Debug|Any CPU.Build.0 = Debug|Any CPU
		{DF8175BD-F7F6-495D-90DA-BD7108694A48}.Release|Any CPU.ActiveCfg = Release|Any CPU
		{DF8175BD-F7F6-495D-90DA-BD7108694A48}.Release|Any CPU.Build.0 = Release|Any CPU
	EndGlobalSection
	GlobalSection(SolutionProperties) = preSolution
		HideSolutionNode = FALSE
	EndGlobalSection
	GlobalSection(ExtensibilityGlobals) = postSolution
		SolutionGuid = {55EA3A6E-2B64-43AD-BE87-7616B164C561}
	EndGlobalSection
EndGlobal
