
Microsoft Visual Studio Solution File, Format Version 12.00
# Visual Studio Version 17
VisualStudioVersion = 17.2.32630.192
MinimumVisualStudioVersion = 10.0.40219.1
Project("{FAE04EC0-301F-11D3-BF4B-00C04F79EFBC}") = "Calculadoras", "CalcIMC\Calculadoras.csproj", "{E5C3AD06-4925-44C6-8583-AAB4D41E29B4}"
EndProject
Global
	GlobalSection(SolutionConfigurationPlatforms) = preSolution
		Debug|Any CPU = Debug|Any CPU
		Release|Any CPU = Release|Any CPU
	EndGlobalSection
	GlobalSection(ProjectConfigurationPlatforms) = postSolution
		{E5C3AD06-4925-44C6-8583-AAB4D41E29B4}.Debug|Any CPU.ActiveCfg = Debug|Any CPU
		{E5C3AD06-4925-44C6-8583-AAB4D41E29B4}.Debug|Any CPU.Build.0 = Debug|Any CPU
		{E5C3AD06-4925-44C6-8583-AAB4D41E29B4}.Release|Any CPU.ActiveCfg = Release|Any CPU
		{E5C3AD06-4925-44C6-8583-AAB4D41E29B4}.Release|Any CPU.Build.0 = Release|Any CPU
	EndGlobalSection
	GlobalSection(SolutionProperties) = preSolution
		HideSolutionNode = FALSE
	EndGlobalSection
	GlobalSection(ExtensibilityGlobals) = postSolution
		SolutionGuid = {E3D8C098-82C9-43EA-AAAB-6B17F0EF7F26}
	EndGlobalSection
EndGlobal
